# This file is automatically @generated by Cargo.
# It is not intended for manual editing.
version = 4

[[package]]
name = "glyph-cli"
version = "0.1.0"
dependencies = [
 "glyph-frontend",
 "glyph-ir",
 "glyph-vm",
]

[[package]]
name = "glyph-frontend"
version = "0.1.0"
dependencies = [
 "glyph-ir",
 "glyph-vm",
]

[[package]]
name = "glyph-ir"
version = "0.1.0"

[[package]]
name = "glyph-vm"
version = "0.1.0"
dependencies = [
 "glyph-ir",
]
